
Microsoft Visual Studio Solution File, Format Version 12.00
# Visual Studio 2013
VisualStudioVersion = 12.0.20617.1 PREVIEW
MinimumVisualStudioVersion = 10.0.40219.1
Project("{888888A0-9F3D-457C-B088-3A5042F75D52}") = "amphetype", "amphetype.pyproj", "{69B00132-CD34-4E18-88D7-E5F8BB717BF3}"
EndProject
Global
	GlobalSection(SolutionConfigurationPlatforms) = preSolution
		Debug|Any CPU = Debug|Any CPU
		Release|Any CPU = Release|Any CPU
	EndGlobalSection
	GlobalSection(ProjectConfigurationPlatforms) = postSolution
		{69B00132-CD34-4E18-88D7-E5F8BB717BF3}.Debug|Any CPU.ActiveCfg = Debug|Any CPU
		{69B00132-CD34-4E18-88D7-E5F8BB717BF3}.Debug|Any CPU.Build.0 = Debug|Any CPU
		{69B00132-CD34-4E18-88D7-E5F8BB717BF3}.Release|Any CPU.ActiveCfg = Release|Any CPU
		{69B00132-CD34-4E18-88D7-E5F8BB717BF3}.Release|Any CPU.Build.0 = Release|Any CPU
	EndGlobalSection
	GlobalSection(SolutionProperties) = preSolution
		HideSolutionNode = FALSE
	EndGlobalSection
EndGlobal
